
Microsoft Visual Studio Solution File, Format Version 12.00
# Visual Studio Version 17
VisualStudioVersion = 17.4.33213.308
MinimumVisualStudioVersion = 10.0.40219.1
Project("{FAE04EC0-301F-11D3-BF4B-00C04F79EFBC}") = "Lab7", "Lab7\Lab7.csproj", "{C74C6ED0-563F-48E5-9EF7-E2F29D305E19}"
EndProject
Global
	GlobalSection(SolutionConfigurationPlatforms) = preSolution
		Debug|Any CPU = Debug|Any CPU
		Release|Any CPU = Release|Any CPU
	EndGlobalSection
	GlobalSection(ProjectConfigurationPlatforms) = postSolution
		{C74C6ED0-563F-48E5-9EF7-E2F29D305E19}.Debug|Any CPU.ActiveCfg = Debug|Any CPU
		{C74C6ED0-563F-48E5-9EF7-E2F29D305E19}.Debug|Any CPU.Build.0 = Debug|Any CPU
		{C74C6ED0-563F-48E5-9EF7-E2F29D305E19}.Release|Any CPU.ActiveCfg = Release|Any CPU
		{C74C6ED0-563F-48E5-9EF7-E2F29D305E19}.Release|Any CPU.Build.0 = Release|Any CPU
	EndGlobalSection
	GlobalSection(SolutionProperties) = preSolution
		HideSolutionNode = FALSE
	EndGlobalSection
	GlobalSection(ExtensibilityGlobals) = postSolution
		SolutionGuid = {8E5E9965-08C6-4050-8528-E17E1DB4C972}
	EndGlobalSection
EndGlobal
